
Microsoft Visual Studio Solution File, Format Version 12.00
# Visual Studio Version 16
VisualStudioVersion = 16.0.29613.14
MinimumVisualStudioVersion = 10.0.40219.1
Project("{FAE04EC0-301F-11D3-BF4B-00C04F79EFBC}") = "H9", "H9\H9.csproj", "{9F7BCB2D-6E26-4BB6-AEDD-704BE32E326F}"
EndProject
Project("{FAE04EC0-301F-11D3-BF4B-00C04F79EFBC}") = "pokémon", "pojemon\pokémon.csproj", "{A2280A38-8B9F-4CF1-8B59-41A3B0F02AC7}"
EndProject
Project("{FAE04EC0-301F-11D3-BF4B-00C04F79EFBC}") = "Pokemontester", "Pokemontester\Pokemontester.csproj", "{433F584B-7C1D-44F0-9E6C-2E8053334B33}"
EndProject
Global
	GlobalSection(SolutionConfigurationPlatforms) = preSolution
		Debug|Any CPU = Debug|Any CPU
		Release|Any CPU = Release|Any CPU
	EndGlobalSection
	GlobalSection(ProjectConfigurationPlatforms) = postSolution
		{9F7BCB2D-6E26-4BB6-AEDD-704BE32E326F}.Debug|Any CPU.ActiveCfg = Debug|Any CPU
		{9F7BCB2D-6E26-4BB6-AEDD-704BE32E326F}.Debug|Any CPU.Build.0 = Debug|Any CPU
		{9F7BCB2D-6E26-4BB6-AEDD-704BE32E326F}.Release|Any CPU.ActiveCfg = Release|Any CPU
		{9F7BCB2D-6E26-4BB6-AEDD-704BE32E326F}.Release|Any CPU.Build.0 = Release|Any CPU
		{A2280A38-8B9F-4CF1-8B59-41A3B0F02AC7}.Debug|Any CPU.ActiveCfg = Debug|Any CPU
		{A2280A38-8B9F-4CF1-8B59-41A3B0F02AC7}.Debug|Any CPU.Build.0 = Debug|Any CPU
		{A2280A38-8B9F-4CF1-8B59-41A3B0F02AC7}.Release|Any CPU.ActiveCfg = Release|Any CPU
		{A2280A38-8B9F-4CF1-8B59-41A3B0F02AC7}.Release|Any CPU.Build.0 = Release|Any CPU
		{433F584B-7C1D-44F0-9E6C-2E8053334B33}.Debug|Any CPU.ActiveCfg = Debug|Any CPU
		{433F584B-7C1D-44F0-9E6C-2E8053334B33}.Debug|Any CPU.Build.0 = Debug|Any CPU
		{433F584B-7C1D-44F0-9E6C-2E8053334B33}.Release|Any CPU.ActiveCfg = Release|Any CPU
		{433F584B-7C1D-44F0-9E6C-2E8053334B33}.Release|Any CPU.Build.0 = Release|Any CPU
	EndGlobalSection
	GlobalSection(SolutionProperties) = preSolution
		HideSolutionNode = FALSE
	EndGlobalSection
	GlobalSection(ExtensibilityGlobals) = postSolution
		SolutionGuid = {53C57757-A3EB-461C-93B0-14202F59A180}
	EndGlobalSection
EndGlobal
